
Microsoft Visual Studio Solution File, Format Version 12.00
# Visual Studio Version 17
VisualStudioVersion = 17.7.34221.43
MinimumVisualStudioVersion = 10.0.40219.1
Project("{FAE04EC0-301F-11D3-BF4B-00C04F79EFBC}") = "Calculator", "Calculator\Calculator.csproj", "{0B70F6F1-AE30-4149-B20A-639D7040EE72}"
EndProject
Global
	GlobalSection(SolutionConfigurationPlatforms) = preSolution
		Debug|Any CPU = Debug|Any CPU
		Release|Any CPU = Release|Any CPU
	EndGlobalSection
	GlobalSection(ProjectConfigurationPlatforms) = postSolution
		{0B70F6F1-AE30-4149-B20A-639D7040EE72}.Debug|Any CPU.ActiveCfg = Debug|Any CPU
		{0B70F6F1-AE30-4149-B20A-639D7040EE72}.Debug|Any CPU.Build.0 = Debug|Any CPU
		{0B70F6F1-AE30-4149-B20A-639D7040EE72}.Release|Any CPU.ActiveCfg = Release|Any CPU
		{0B70F6F1-AE30-4149-B20A-639D7040EE72}.Release|Any CPU.Build.0 = Release|Any CPU
	EndGlobalSection
	GlobalSection(SolutionProperties) = preSolution
		HideSolutionNode = FALSE
	EndGlobalSection
	GlobalSection(ExtensibilityGlobals) = postSolution
		SolutionGuid = {D488BC4D-98D9-44A7-91F4-A7F1448C1695}
	EndGlobalSection
EndGlobal
